
Microsoft Visual Studio Solution File, Format Version 12.00
# Visual Studio Version 17
VisualStudioVersion = 17.0.31903.59
MinimumVisualStudioVersion = 10.0.40219.1
Project("{FAE04EC0-301F-11D3-BF4B-00C04F79EFBC}") = "ÇiçekDünyası.Domain", "ÇiçekDünyası.Domain\ÇiçekDünyası.Domain.csproj", "{1A8FE52A-B97E-44C8-A179-C6EEF07171B3}"
EndProject
Project("{FAE04EC0-301F-11D3-BF4B-00C04F79EFBC}") = "ÇiçekDünyası.Application", "ÇiçekDünyası.Application\ÇiçekDünyası.Application.csproj", "{A8624171-8BB2-42CB-9CC4-5830CAF7B4D7}"
EndProject
Project("{FAE04EC0-301F-11D3-BF4B-00C04F79EFBC}") = "ÇiçekDünyası.Infrastructure", "ÇiçekDünyası.Infrastructure\ÇiçekDünyası.Infrastructure.csproj", "{EC5915EC-8D37-4430-AA4F-602F04B28CA7}"
EndProject
Project("{FAE04EC0-301F-11D3-BF4B-00C04F79EFBC}") = "ÇiçekDünyası.API", "ÇiçekDünyası.API\ÇiçekDünyası.API.csproj", "{45C3D30D-980A-42B7-B07F-E1B89059502A}"
EndProject
Global
	GlobalSection(SolutionConfigurationPlatforms) = preSolution
		Debug|Any CPU = Debug|Any CPU
		Release|Any CPU = Release|Any CPU
	EndGlobalSection
	GlobalSection(SolutionProperties) = preSolution
		HideSolutionNode = FALSE
	EndGlobalSection
	GlobalSection(ProjectConfigurationPlatforms) = postSolution
		{1A8FE52A-B97E-44C8-A179-C6EEF07171B3}.Debug|Any CPU.ActiveCfg = Debug|Any CPU
		{1A8FE52A-B97E-44C8-A179-C6EEF07171B3}.Debug|Any CPU.Build.0 = Debug|Any CPU
		{1A8FE52A-B97E-44C8-A179-C6EEF07171B3}.Release|Any CPU.ActiveCfg = Release|Any CPU
		{1A8FE52A-B97E-44C8-A179-C6EEF07171B3}.Release|Any CPU.Build.0 = Release|Any CPU
		{A8624171-8BB2-42CB-9CC4-5830CAF7B4D7}.Debug|Any CPU.ActiveCfg = Debug|Any CPU
		{A8624171-8BB2-42CB-9CC4-5830CAF7B4D7}.Debug|Any CPU.Build.0 = Debug|Any CPU
		{A8624171-8BB2-42CB-9CC4-5830CAF7B4D7}.Release|Any CPU.ActiveCfg = Release|Any CPU
		{A8624171-8BB2-42CB-9CC4-5830CAF7B4D7}.Release|Any CPU.Build.0 = Release|Any CPU
		{EC5915EC-8D37-4430-AA4F-602F04B28CA7}.Debug|Any CPU.ActiveCfg = Debug|Any CPU
		{EC5915EC-8D37-4430-AA4F-602F04B28CA7}.Debug|Any CPU.Build.0 = Debug|Any CPU
		{EC5915EC-8D37-4430-AA4F-602F04B28CA7}.Release|Any CPU.ActiveCfg = Release|Any CPU
		{EC5915EC-8D37-4430-AA4F-602F04B28CA7}.Release|Any CPU.Build.0 = Release|Any CPU
		{45C3D30D-980A-42B7-B07F-E1B89059502A}.Debug|Any CPU.ActiveCfg = Debug|Any CPU
		{45C3D30D-980A-42B7-B07F-E1B89059502A}.Debug|Any CPU.Build.0 = Debug|Any CPU
		{45C3D30D-980A-42B7-B07F-E1B89059502A}.Release|Any CPU.ActiveCfg = Release|Any CPU
		{45C3D30D-980A-42B7-B07F-E1B89059502A}.Release|Any CPU.Build.0 = Release|Any CPU
	EndGlobalSection
EndGlobal
